# THIS IS AN AUTOGENERATED FILE. DO NOT EDIT THIS FILE DIRECTLY.
# yarn lockfile v1


"@babel/runtime@^7.16.0":
  version "7.21.0"
  resolved "https://registry.yarnpkg.com/@babel/runtime/-/runtime-7.21.0.tgz#5b55c9d394e5fcf304909a8b00c07dc217b56673"
  integrity sha512-xwII0//EObnq89Ji5AKYQaRYiW/nZ3llSv29d49IuxPhKbtJoLP+9QUUZ4nVragQVtaVGeZrpB+ZtG/Pdy/POw==
  dependencies:
    regenerator-runtime "^0.13.11"

"@tannin/compile@^1.1.0":
  version "1.1.0"
  resolved "https://registry.yarnpkg.com/@tannin/compile/-/compile-1.1.0.tgz#1e4d1c5364cbfeffa1c20352c053e19ef20ffe93"
  integrity sha512-n8m9eNDfoNZoxdvWiTfW/hSPhehzLJ3zW7f8E7oT6mCROoMNWCB4TYtv041+2FMAxweiE0j7i1jubQU4MEC/Gg==
  dependencies:
    "@tannin/evaluate" "^1.2.0"
    "@tannin/postfix" "^1.1.0"

"@tannin/evaluate@^1.2.0":
  version "1.2.0"
  resolved "https://registry.yarnpkg.com/@tannin/evaluate/-/evaluate-1.2.0.tgz#468a13c45eff45340108836fc46c708457199c3f"
  integrity sha512-3ioXvNowbO/wSrxsDG5DKIMxC81P0QrQTYai8zFNY+umuoHWRPbQ/TuuDEOju9E+jQDXmj6yI5GyejNuh8I+eg==

"@tannin/plural-forms@^1.1.0":
  version "1.1.0"
  resolved "https://registry.yarnpkg.com/@tannin/plural-forms/-/plural-forms-1.1.0.tgz#cffbb060d2640a56a314e3c77cbf6ea6072b51d5"
  integrity sha512-xl9R2mDZO/qiHam1AgMnAES6IKIg7OBhcXqy6eDsRCdXuxAFPcjrej9HMjyCLE0DJ/8cHf0i5OQTstuBRhpbHw==
  dependencies:
    "@tannin/compile" "^1.1.0"

"@tannin/postfix@^1.1.0":
  version "1.1.0"
  resolved "https://registry.yarnpkg.com/@tannin/postfix/-/postfix-1.1.0.tgz#6071f4204ae26c2e885cf3a3f1203a9f71e3f291"
  integrity sha512-oocsqY7g0cR+Gur5jRQLSrX2OtpMLMse1I10JQBm8CdGMrDkh1Mg2gjsiquMHRtBs4Qwu5wgEp5GgIYHk4SNPw==

"@wordpress/api-fetch@^6.28.0":
  version "6.28.0"
  resolved "https://registry.yarnpkg.com/@wordpress/api-fetch/-/api-fetch-6.28.0.tgz#294ddbd6918619e94cfe4515df5245c874f9ea64"
  integrity sha512-kEe8zqjEs1paZAS0ZSaUkiLTIrNFBy11ZkdBDYOYgl707zZCQt50HYs/J+zATWegWpp5scd4Tt18cJy1O9dosg==
  dependencies:
    "@babel/runtime" "^7.16.0"
    "@wordpress/i18n" "^4.31.0"
    "@wordpress/url" "^3.32.0"

"@wordpress/hooks@^3.31.0":
  version "3.31.0"
  resolved "https://registry.yarnpkg.com/@wordpress/hooks/-/hooks-3.31.0.tgz#7cf13ab8f16a2795c541648fb0810c7b2f0eabc5"
  integrity sha512-dtXTk6miFaqAQmtjuO1Ox11sdkJNMl/Wv402VlPI8Z3QBUyEAH+FMGoHbAwpy3AGHJJb5pFYSRQBNAgZMGZLIw==
  dependencies:
    "@babel/runtime" "^7.16.0"

"@wordpress/i18n@^4.31.0":
  version "4.31.0"
  resolved "https://registry.yarnpkg.com/@wordpress/i18n/-/i18n-4.31.0.tgz#2787b85e1d44d2cfa1f63879163df36862996efd"
  integrity sha512-MRPnym60ZUqZv4AZkXK3HPdZBRUEUD+zU11sB+5ydBPYMQXLSSxOGmt3NlEiPxynYPNkjBtW/52DCQz99rsDzw==
  dependencies:
    "@babel/runtime" "^7.16.0"
    "@wordpress/hooks" "^3.31.0"
    gettext-parser "^1.3.1"
    memize "^1.1.0"
    sprintf-js "^1.1.1"
    tannin "^1.2.0"

"@wordpress/url@^3.32.0":
  version "3.32.0"
  resolved "https://registry.yarnpkg.com/@wordpress/url/-/url-3.32.0.tgz#cfa3af44d5eb7d6f30a0194de3eba52ee203aa6d"
  integrity sha512-dbz4KjcwYxkd2GsJwNVXD6Do39W13jlGmsLgWkSe/4dEw4SnaJQVYJv3yBpykmYqbfwilPrSM/KmpybKeghPFA==
  dependencies:
    "@babel/runtime" "^7.16.0"
    remove-accents "^0.4.2"

encoding@^0.1.12:
  version "0.1.13"
  resolved "https://registry.yarnpkg.com/encoding/-/encoding-0.1.13.tgz#56574afdd791f54a8e9b2785c0582a2d26210fa9"
  integrity sha512-ETBauow1T35Y/WZMkio9jiM0Z5xjHHmJ4XmjZOq1l/dXz3lr2sRn87nJy20RupqSh1F2m3HHPSp8ShIPQJrJ3A==
  dependencies:
    iconv-lite "^0.6.2"

gettext-parser@^1.3.1:
  version "1.4.0"
  resolved "https://registry.yarnpkg.com/gettext-parser/-/gettext-parser-1.4.0.tgz#f8baf34a292f03d5e42f02df099d301f167a7ace"
  integrity sha512-sedZYLHlHeBop/gZ1jdg59hlUEcpcZJofLq2JFwJT1zTqAU3l2wFv6IsuwFHGqbiT9DWzMUW4/em2+hspnmMMA==
  dependencies:
    encoding "^0.1.12"
    safe-buffer "^5.1.1"

iconv-lite@^0.6.2:
  version "0.6.3"
  resolved "https://registry.yarnpkg.com/iconv-lite/-/iconv-lite-0.6.3.tgz#a52f80bf38da1952eb5c681790719871a1a72501"
  integrity sha512-4fCk79wshMdzMp2rH06qWrJE4iolqLhCUH+OiuIgU++RB0+94NlDL81atO7GX55uUKueo0txHNtvEyI6D7WdMw==
  dependencies:
    safer-buffer ">= 2.1.2 < 3.0.0"

memize@^1.1.0:
  version "1.1.0"
  resolved "https://registry.yarnpkg.com/memize/-/memize-1.1.0.tgz#4a5a684ac6992a13b1299043f3e49b1af6a0b0d3"
  integrity sha512-K4FcPETOMTwe7KL2LK0orMhpOmWD2wRGwWWpbZy0fyArwsyIKR8YJVz8+efBAh3BO4zPqlSICu4vsLTRRqtFAg==

regenerator-runtime@^0.13.11:
  version "0.13.11"
  resolved "https://registry.yarnpkg.com/regenerator-runtime/-/regenerator-runtime-0.13.11.tgz#f6dca3e7ceec20590d07ada785636a90cdca17f9"
  integrity sha512-kY1AZVr2Ra+t+piVaJ4gxaFaReZVH40AKNo7UCX6W+dEwBo/2oZJzqfuN1qLq1oL45o56cPaTXELwrTh8Fpggg==

remove-accents@^0.4.2:
  version "0.4.4"
  resolved "https://registry.yarnpkg.com/remove-accents/-/remove-accents-0.4.4.tgz#73704abf7dae3764295d475d2b6afac4ea23e4d9"
  integrity sha512-EpFcOa/ISetVHEXqu+VwI96KZBmq+a8LJnGkaeFw45epGlxIZz5dhEEnNZMsQXgORu3qaMoLX4qJCzOik6ytAg==

safe-buffer@^5.1.1:
  version "5.2.1"
  resolved "https://registry.yarnpkg.com/safe-buffer/-/safe-buffer-5.2.1.tgz#1eaf9fa9bdb1fdd4ec75f58f9cdb4e6b7827eec6"
  integrity sha512-rp3So07KcdmmKbGvgaNxQSJr7bGVSVk5S9Eq1F+ppbRo70+YeaDxkw5Dd8NPN+GD6bjnYm2VuPuCXmpuYvmCXQ==

"safer-buffer@>= 2.1.2 < 3.0.0":
  version "2.1.2"
  resolved "https://registry.yarnpkg.com/safer-buffer/-/safer-buffer-2.1.2.tgz#44fa161b0187b9549dd84bb91802f9bd8385cd6a"
  integrity sha512-YZo3K82SD7Riyi0E1EQPojLz7kpepnSQI9IyPbHHg1XXXevb5dJI7tpyN2ADxGcQbHG7vcyRHk0cbwqcQriUtg==

sprintf-js@^1.1.1:
  version "1.1.2"
  resolved "https://registry.yarnpkg.com/sprintf-js/-/sprintf-js-1.1.2.tgz#da1765262bf8c0f571749f2ad6c26300207ae673"
  integrity sha512-VE0SOVEHCk7Qc8ulkWw3ntAzXuqf7S2lvwQaDLRnUeIEaKNQJzV6BwmLKhOqT61aGhfUMrXeaBk+oDGCzvhcug==

tannin@^1.2.0:
  version "1.2.0"
  resolved "https://registry.yarnpkg.com/tannin/-/tannin-1.2.0.tgz#1da6fe65280dca4c3d84efb075b077b1b94362a6"
  integrity sha512-U7GgX/RcSeUETbV7gYgoz8PD7Ni4y95pgIP/Z6ayI3CfhSujwKEBlGFTCRN+Aqnuyf4AN2yHL+L8x+TCGjb9uA==
  dependencies:
    "@tannin/plural-forms" "^1.1.0"
